
Microsoft Visual Studio Solution File, Format Version 12.00
# Visual Studio Version 17
VisualStudioVersion = 17.2.32519.379
MinimumVisualStudioVersion = 10.0.40219.1
Project("{9A19103F-16F7-4668-BE54-9A1E7A4F7556}") = "BulkyBook", "BulkyBook\BulkyBook.csproj", "{94ED7A4F-8FEE-4763-8344-7BE1154685B4}"
EndProject
Project("{FAE04EC0-301F-11D3-BF4B-00C04F79EFBC}") = "BulkyBook1.Models", "BulkyBook1.Models\BulkyBook1.Models.csproj", "{ED2E1327-1B40-4662-AB92-3EBF257F3636}"
EndProject
Project("{FAE04EC0-301F-11D3-BF4B-00C04F79EFBC}") = "BulkyBook1.DataAccess", "BulkyBook1.DataAccess\BulkyBook1.DataAccess.csproj", "{A8E3A3DF-6A26-40ED-971D-40FCE440D96B}"
EndProject
Project("{FAE04EC0-301F-11D3-BF4B-00C04F79EFBC}") = "BulkyBook1.Utility", "BulkyBook1.Utility\BulkyBook1.Utility.csproj", "{0B8E9731-4746-4F08-A6B6-097739F68082}"
EndProject
Global
	GlobalSection(SolutionConfigurationPlatforms) = preSolution
		Debug|Any CPU = Debug|Any CPU
		Release|Any CPU = Release|Any CPU
	EndGlobalSection
	GlobalSection(ProjectConfigurationPlatforms) = postSolution
		{94ED7A4F-8FEE-4763-8344-7BE1154685B4}.Debug|Any CPU.ActiveCfg = Debug|Any CPU
		{94ED7A4F-8FEE-4763-8344-7BE1154685B4}.Debug|Any CPU.Build.0 = Debug|Any CPU
		{94ED7A4F-8FEE-4763-8344-7BE1154685B4}.Release|Any CPU.ActiveCfg = Release|Any CPU
		{94ED7A4F-8FEE-4763-8344-7BE1154685B4}.Release|Any CPU.Build.0 = Release|Any CPU
		{ED2E1327-1B40-4662-AB92-3EBF257F3636}.Debug|Any CPU.ActiveCfg = Debug|Any CPU
		{ED2E1327-1B40-4662-AB92-3EBF257F3636}.Debug|Any CPU.Build.0 = Debug|Any CPU
		{ED2E1327-1B40-4662-AB92-3EBF257F3636}.Release|Any CPU.ActiveCfg = Release|Any CPU
		{ED2E1327-1B40-4662-AB92-3EBF257F3636}.Release|Any CPU.Build.0 = Release|Any CPU
		{A8E3A3DF-6A26-40ED-971D-40FCE440D96B}.Debug|Any CPU.ActiveCfg = Debug|Any CPU
		{A8E3A3DF-6A26-40ED-971D-40FCE440D96B}.Debug|Any CPU.Build.0 = Debug|Any CPU
		{A8E3A3DF-6A26-40ED-971D-40FCE440D96B}.Release|Any CPU.ActiveCfg = Release|Any CPU
		{A8E3A3DF-6A26-40ED-971D-40FCE440D96B}.Release|Any CPU.Build.0 = Release|Any CPU
		{0B8E9731-4746-4F08-A6B6-097739F68082}.Debug|Any CPU.ActiveCfg = Debug|Any CPU
		{0B8E9731-4746-4F08-A6B6-097739F68082}.Debug|Any CPU.Build.0 = Debug|Any CPU
		{0B8E9731-4746-4F08-A6B6-097739F68082}.Release|Any CPU.ActiveCfg = Release|Any CPU
		{0B8E9731-4746-4F08-A6B6-097739F68082}.Release|Any CPU.Build.0 = Release|Any CPU
	EndGlobalSection
	GlobalSection(SolutionProperties) = preSolution
		HideSolutionNode = FALSE
	EndGlobalSection
	GlobalSection(ExtensibilityGlobals) = postSolution
		SolutionGuid = {B0A90CDB-4230-4502-BCA1-1431BDBECC22}
	EndGlobalSection
EndGlobal
